
Microsoft Visual Studio Solution File, Format Version 12.00
# Visual Studio Version 16
VisualStudioVersion = 16.0.31605.320
MinimumVisualStudioVersion = 10.0.40219.1
Project("{FAE04EC0-301F-11D3-BF4B-00C04F79EFBC}") = "guaterhiro", "guaterhiro\guaterhiro.csproj", "{D320010C-50E0-4B88-B7F2-79E632FFD998}"
EndProject
Global
	GlobalSection(SolutionConfigurationPlatforms) = preSolution
		Debug|Any CPU = Debug|Any CPU
		Release|Any CPU = Release|Any CPU
	EndGlobalSection
	GlobalSection(ProjectConfigurationPlatforms) = postSolution
		{D320010C-50E0-4B88-B7F2-79E632FFD998}.Debug|Any CPU.ActiveCfg = Debug|Any CPU
		{D320010C-50E0-4B88-B7F2-79E632FFD998}.Debug|Any CPU.Build.0 = Debug|Any CPU
		{D320010C-50E0-4B88-B7F2-79E632FFD998}.Release|Any CPU.ActiveCfg = Release|Any CPU
		{D320010C-50E0-4B88-B7F2-79E632FFD998}.Release|Any CPU.Build.0 = Release|Any CPU
	EndGlobalSection
	GlobalSection(SolutionProperties) = preSolution
		HideSolutionNode = FALSE
	EndGlobalSection
	GlobalSection(ExtensibilityGlobals) = postSolution
		SolutionGuid = {D82BF58C-33E3-40C3-8206-50CB534DF622}
	EndGlobalSection
EndGlobal
